// !$*UTF8*$!
{
	archiveVersion = 1;
	classes = {
	};
	objectVersion = 46;
	objects = {

/* Begin PBXBuildFile section */
		03CB5FEF1A674EAD0060D238 /* AppDelegate.swift in Sources */ = {isa = PBXBuildFile; fileRef = 03CB5FEE1A674EAD0060D238 /* AppDelegate.swift */; };
		03CB5FF11A674EAD0060D238 /* ViewController.swift in Sources */ = {isa = PBXBuildFile; fileRef = 03CB5FF01A674EAD0060D238 /* ViewController.swift */; };
		03CB5FF41A674EAD0060D238 /* Main.storyboard in Resources */ = {isa = PBXBuildFile; fileRef = 03CB5FF21A674EAD0060D238 /* Main.storyboard */; };
		03CB5FF61A674EAD0060D238 /* Images.xcassets in Resources */ = {isa = PBXBuildFile; fileRef = 03CB5FF51A674EAD0060D238 /* Images.xcassets */; };
		03CB5FF91A674EAD0060D238 /* LaunchScreen.xib in Resources */ = {isa = PBXBuildFile; fileRef = 03CB5FF71A674EAD0060D238 /* LaunchScreen.xib */; };
		03CB60051A674EAD0060D238 /* PostcardTests.swift in Sources */ = {isa = PBXBuildFile; fileRef = 03CB60041A674EAD0060D238 /* PostcardTests.swift */; };
		03CB600F1A67547F0060D238 /* SagradaFamilia.jpeg in Resources */ = {isa = PBXBuildFile; fileRef = 03CB600E1A67547F0060D238 /* SagradaFamilia.jpeg */; };
		03CB60111A6757030060D238 /* AlbertEinsteinStamp.jpg in Resources */ = {isa = PBXBuildFile; fileRef = 03CB60101A6757030060D238 /* AlbertEinsteinStamp.jpg */; };
/* End PBXBuildFile section */

/* Begin PBXContainerItemProxy section */
		03CB5FFF1A674EAD0060D238 /* PBXContainerItemProxy */ = {
			isa = PBXContainerItemProxy;
			containerPortal = 03CB5FE11A674EAD0060D238 /* Project object */;
			proxyType = 1;
			remoteGlobalIDString = 03CB5FE81A674EAD0060D238;
			remoteInfo = Postcard;
		};
/* End PBXContainerItemProxy section */

/* Begin PBXFileReference section */
		03CB5FE91A674EAD0060D238 /* Postcard.app */ = {isa = PBXFileReference; explicitFileType = wrapper.application; includeInIndex = 0; path = Postcard.app; sourceTree = BUILT_PRODUCTS_DIR; };
		03CB5FED1A674EAD0060D238 /* Info.plist */ = {isa = PBXFileReference; lastKnownFileType = text.plist.xml; path = Info.plist; sourceTree = "<group>"; };
		03CB5FEE1A674EAD0060D238 /* AppDelegate.swift */ = {isa = PBXFileReference; lastKnownFileType = sourcecode.swift; path = AppDelegate.swift; sourceTree = "<group>"; };
		03CB5FF01A674EAD0060D238 /* ViewController.swift */ = {isa = PBXFileReference; lastKnownFileType = sourcecode.swift; path = ViewController.swift; sourceTree = "<group>"; };
		03CB5FF31A674EAD0060D238 /* Base */ = {isa = PBXFileReference; lastKnownFileType = file.storyboard; name = Base; path = Base.lproj/Main.storyboard; sourceTree = "<group>"; };
		03CB5FF51A674EAD0060D238 /* Images.xcassets */ = {isa = PBXFileReference; lastKnownFileType = folder.assetcatalog; path = Images.xcassets; sourceTree = "<group>"; };
		03CB5FF81A674EAD0060D238 /* Base */ = {isa = PBXFileReference; lastKnownFileType = file.xib; name = Base; path = Base.lproj/LaunchScreen.xib; sourceTree = "<group>"; };
		03CB5FFE1A674EAD0060D238 /* PostcardTests.xctest */ = {isa = PBXFileReference; explicitFileType = wrapper.cfbundle; includeInIndex = 0; path = PostcardTests.xctest; sourceTree = BUILT_PRODUCTS_DIR; };
		03CB60031A674EAD0060D238 /* Info.plist */ = {isa = PBXFileReference; lastKnownFileType = text.plist.xml; path = Info.plist; sourceTree = "<group>"; };
		03CB60041A674EAD0060D238 /* PostcardTests.swift */ = {isa = PBXFileReference; lastKnownFileType = sourcecode.swift; path = PostcardTests.swift; sourceTree = "<group>"; };
		03CB600E1A67547F0060D238 /* SagradaFamilia.jpeg */ = {isa = PBXFileReference; lastKnownFileType = image.jpeg; path = SagradaFamilia.jpeg; sourceTree = "<group>"; };
		03CB60101A6757030060D238 /* AlbertEinsteinStamp.jpg */ = {isa = PBXFileReference; lastKnownFileType = image.jpeg; path = AlbertEinsteinStamp.jpg; sourceTree = "<group>"; };
/* End PBXFileReference section */

/* Begin PBXFrameworksBuildPhase section */
		03CB5FE61A674EAD0060D238 /* Frameworks */ = {
			isa = PBXFrameworksBuildPhase;
			buildActionMask = 2147483647;
			files = (
			);
			runOnlyForDeploymentPostprocessing = 0;
		};
		03CB5FFB1A674EAD0060D238 /* Frameworks */ = {
			isa = PBXFrameworksBuildPhase;
			buildActionMask = 2147483647;
			files = (
			);
			runOnlyForDeploymentPostprocessing = 0;
		};
/* End PBXFrameworksBuildPhase section */

/* Begin PBXGroup section */
		03CB5FE01A674EAD0060D238 = {
			isa = PBXGroup;
			children = (
				03CB5FEB1A674EAD0060D238 /* Postcard */,
				03CB60011A674EAD0060D238 /* PostcardTests */,
				03CB5FEA1A674EAD0060D238 /* Products */,
			);
			sourceTree = "<group>";
		};
		03CB5FEA1A674EAD0060D238 /* Products */ = {
			isa = PBXGroup;
			children = (
				03CB5FE91A674EAD0060D238 /* Postcard.app */,
				03CB5FFE1A674EAD0060D238 /* PostcardTests.xctest */,
			);
			name = Products;
			sourceTree = "<group>";
		};
		03CB5FEB1A674EAD0060D238 /* Postcard */ = {
			isa = PBXGroup;
			children = (
				03CB5FEE1A674EAD0060D238 /* AppDelegate.swift */,
				03CB5FF01A674EAD0060D238 /* ViewController.swift */,
				03CB5FF21A674EAD0060D238 /* Main.storyboard */,
				03CB5FF51A674EAD0060D238 /* Images.xcassets */,
				03CB5FF71A674EAD0060D238 /* LaunchScreen.xib */,
				03CB5FEC1A674EAD0060D238 /* Supporting Files */,
			);
			path = Postcard;
			sourceTree = "<group>";
		};
		03CB5FEC1A674EAD0060D238 /* Supporting Files */ = {
			isa = PBXGroup;
			children = (
				03CB60101A6757030060D238 /* AlbertEinsteinStamp.jpg */,
				03CB600E1A67547F0060D238 /* SagradaFamilia.jpeg */,
				03CB5FED1A674EAD0060D238 /* Info.plist */,
			);
			name = "Supporting Files";
			sourceTree = "<group>";
		};
		03CB60011A674EAD0060D238 /* PostcardTests */ = {
			isa = PBXGroup;
			children = (
				03CB60041A674EAD0060D238 /* PostcardTests.swift */,
				03CB60021A674EAD0060D238 /* Supporting Files */,
			);
			path = PostcardTests;
			sourceTree = "<group>";
		};
		03CB60021A674EAD0060D238 /* Supporting Files */ = {
			isa = PBXGroup;
			children = (
				03CB60031A674EAD0060D238 /* Info.plist */,
			);
			name = "Supporting Files";
			sourceTree = "<group>";
		};
/* End PBXGroup section */

/* Begin PBXNativeTarget section */
		03CB5FE81A674EAD0060D238 /* Postcard */ = {
			isa = PBXNativeTarget;
			buildConfigurationList = 03CB60081A674EAD0060D238 /* Build configuration list for PBXNativeTarget "Postcard" */;
			buildPhases = (
				03CB5FE51A674EAD0060D238 /* Sources */,
				03CB5FE61A674EAD0060D238 /* Frameworks */,
				03CB5FE71A674EAD0060D238 /* Resources */,
			);
			buildRules = (
			);
			dependencies = (
			);
			name = Postcard;
			productName = Postcard;
			productReference = 03CB5FE91A674EAD0060D238 /* Postcard.app */;
			productType = "com.apple.product-type.application";
		};
		03CB5FFD1A674EAD0060D238 /* PostcardTests */ = {
			isa = PBXNativeTarget;
			buildConfigurationList = 03CB600B1A674EAD0060D238 /* Build configuration list for PBXNativeTarget "PostcardTests" */;
			buildPhases = (
				03CB5FFA1A674EAD0060D238 /* Sources */,
				03CB5FFB1A674EAD0060D238 /* Frameworks */,
				03CB5FFC1A674EAD0060D238 /* Resources */,
			);
			buildRules = (
			);
			dependencies = (
				03CB60001A674EAD0060D238 /* PBXTargetDependency */,
			);
			name = PostcardTests;
			productName = PostcardTests;
			productReference = 03CB5FFE1A674EAD0060D238 /* PostcardTests.xctest */;
			productType = "com.apple.product-type.bundle.unit-test";
		};
/* End PBXNativeTarget section */

/* Begin PBXProject section */
		03CB5FE11A674EAD0060D238 /* Project object */ = {
			isa = PBXProject;
			attributes = {
				LastUpgradeCheck = 0610;
				ORGANIZATIONNAME = "Josh Horowitz";
				TargetAttributes = {
					03CB5FE81A674EAD0060D238 = {
						CreatedOnToolsVersion = 6.1.1;
					};
					03CB5FFD1A674EAD0060D238 = {
						CreatedOnToolsVersion = 6.1.1;
						TestTargetID = 03CB5FE81A674EAD0060D238;
					};
				};
			};
			buildConfigurationList = 03CB5FE41A674EAD0060D238 /* Build configuration list for PBXProject "Postcard" */;
			compatibilityVersion = "Xcode 3.2";
			developmentRegion = English;
			hasScannedForEncodings = 0;
			knownRegions = (
				en,
				Base,
			);
			mainGroup = 03CB5FE01A674EAD0060D238;
			productRefGroup = 03CB5FEA1A674EAD0060D238 /* Products */;
			projectDirPath = "";
			projectRoot = "";
			targets = (
				03CB5FE81A674EAD0060D238 /* Postcard */,
				03CB5FFD1A674EAD0060D238 /* PostcardTests */,
			);
		};
/* End PBXProject section */

/* Begin PBXResourcesBuildPhase section */
		03CB5FE71A674EAD0060D238 /* Resources */ = {
			isa = PBXResourcesBuildPhase;
			buildActionMask = 2147483647;
			files = (
				03CB5FF41A674EAD0060D238 /* Main.storyboard in Resources */,
				03CB600F1A67547F0060D238 /* SagradaFamilia.jpeg in Resources */,
				03CB60111A6757030060D238 /* AlbertEinsteinStamp.jpg in Resources */,
				03CB5FF91A674EAD0060D238 /* LaunchScreen.xib in Resources */,
				03CB5FF61A674EAD0060D238 /* Images.xcassets in Resources */,
			);
			runOnlyForDeploymentPostprocessing = 0;
		};
		03CB5FFC1A674EAD0060D238 /* Resources */ = {
			isa = PBXResourcesBuildPhase;
			buildActionMask = 2147483647;
			files = (
			);
			runOnlyForDeploymentPostprocessing = 0;
		};
/* End PBXResourcesBuildPhase section */

/* Begin PBXSourcesBuildPhase section */
		03CB5FE51A674EAD0060D238 /* Sources */ = {
			isa = PBXSourcesBuildPhase;
			buildActionMask = 2147483647;
			files = (
				03CB5FF11A674EAD0060D238 /* ViewController.swift in Sources */,
				03CB5FEF1A674EAD0060D238 /* AppDelegate.swift in Sources */,
			);
			runOnlyForDeploymentPostprocessing = 0;
		};
		03CB5FFA1A674EAD0060D238 /* Sources */ = {
			isa = PBXSourcesBuildPhase;
			buildActionMask = 2147483647;
			files = (
				03CB60051A674EAD0060D238 /* PostcardTests.swift in Sources */,
			);
			runOnlyForDeploymentPostprocessing = 0;
		};
/* End PBXSourcesBuildPhase section */

/* Begin PBXTargetDependency section */
		03CB60001A674EAD0060D238 /* PBXTargetDependency */ = {
			isa = PBXTargetDependency;
			target = 03CB5FE81A674EAD0060D238 /* Postcard */;
			targetProxy = 03CB5FFF1A674EAD0060D238 /* PBXContainerItemProxy */;
		};
/* End PBXTargetDependency section */

/* Begin PBXVariantGroup section */
		03CB5FF21A674EAD0060D238 /* Main.storyboard */ = {
			isa = PBXVariantGroup;
			children = (
				03CB5FF31A674EAD0060D238 /* Base */,
			);
			name = Main.storyboard;
			sourceTree = "<group>";
		};
		03CB5FF71A674EAD0060D238 /* LaunchScreen.xib */ = {
			isa = PBXVariantGroup;
			children = (
				03CB5FF81A674EAD0060D238 /* Base */,
			);
			name = LaunchScreen.xib;
			sourceTree = "<group>";
		};
/* End PBXVariantGroup section */

/* Begin XCBuildConfiguration section */
		03CB60061A674EAD0060D238 /* Debug */ = {
			isa = XCBuildConfiguration;
			buildSettings = {
				ALWAYS_SEARCH_USER_PATHS = NO;
				CLANG_CXX_LANGUAGE_STANDARD = "gnu++0x";
				CLANG_CXX_LIBRARY = "libc++";
				CLANG_ENABLE_MODULES = YES;
				CLANG_ENABLE_OBJC_ARC = YES;
				CLANG_WARN_BOOL_CONVERSION = YES;
				CLANG_WARN_CONSTANT_CONVERSION = YES;
				CLANG_WARN_DIRECT_OBJC_ISA_USAGE = YES_ERROR;
				CLANG_WARN_EMPTY_BODY = YES;
				CLANG_WARN_ENUM_CONVERSION = YES;
				CLANG_WARN_INT_CONVERSION = YES;
				CLANG_WARN_OBJC_ROOT_CLASS = YES_ERROR;
				CLANG_WARN_UNREACHABLE_CODE = YES;
				CLANG_WARN__DUPLICATE_METHOD_MATCH = YES;
				"CODE_SIGN_IDENTITY[sdk=iphoneos*]" = "iPhone Developer";
				COPY_PHASE_STRIP = NO;
				ENABLE_STRICT_OBJC_MSGSEND = YES;
				GCC_C_LANGUAGE_STANDARD = gnu99;
				GCC_DYNAMIC_NO_PIC = NO;
				GCC_OPTIMIZATION_LEVEL = 0;
				GCC_PREPROCESSOR_DEFINITIONS = (
					"DEBUG=1",
					"$(inherited)",
				);
				GCC_SYMBOLS_PRIVATE_EXTERN = NO;
				GCC_WARN_64_TO_32_BIT_CONVERSION = YES;
				GCC_WARN_ABOUT_RETURN_TYPE = YES_ERROR;
				GCC_WARN_UNDECLARED_SELECTOR = YES;
				GCC_WARN_UNINITIALIZED_AUTOS = YES_AGGRESSIVE;
				GCC_WARN_UNUSED_FUNCTION = YES;
				GCC_WARN_UNUSED_VARIABLE = YES;
				IPHONEOS_DEPLOYMENT_TARGET = 8.1;
				MTL_ENABLE_DEBUG_INFO = YES;
				ONLY_ACTIVE_ARCH = YES;
				SDKROOT = iphoneos;
				SWIFT_OPTIMIZATION_LEVEL = "-Onone";
				TARGETED_DEVICE_FAMILY = "1,2";
			};
			name = Debug;
		};
		03CB60071A674EAD0060D238 /* Release */ = {
			isa = XCBuildConfiguration;
			buildSettings = {
				ALWAYS_SEARCH_USER_PATHS = NO;
				CLANG_CXX_LANGUAGE_STANDARD = "gnu++0x";
				CLANG_CXX_LIBRARY = "libc++";
				CLANG_ENABLE_MODULES = YES;
				CLANG_ENABLE_OBJC_ARC = YES;
				CLANG_WARN_BOOL_CONVERSION = YES;
				CLANG_WARN_CONSTANT_CONVERSION = YES;
				CLANG_WARN_DIRECT_OBJC_ISA_USAGE = YES_ERROR;
				CLANG_WARN_EMPTY_BODY = YES;
				CLANG_WARN_ENUM_CONVERSION = YES;
				CLANG_WARN_INT_CONVERSION = YES;
				CLANG_WARN_OBJC_ROOT_CLASS = YES_ERROR;
				CLANG_WARN_UNREACHABLE_CODE = YES;
				CLANG_WARN__DUPLICATE_METHOD_MATCH = YES;
				"CODE_SIGN_IDENTITY[sdk=iphoneos*]" = "iPhone Developer";
				COPY_PHASE_STRIP = YES;
				ENABLE_NS_ASSERTIONS = NO;
				ENABLE_STRICT_OBJC_MSGSEND = YES;
				GCC_C_LANGUAGE_STANDARD = gnu99;
				GCC_WARN_64_TO_32_BIT_CONVERSION = YES;
				GCC_WARN_ABOUT_RETURN_TYPE = YES_ERROR;
				GCC_WARN_UNDECLARED_SELECTOR = YES;
				GCC_WARN_UNINITIALIZED_AUTOS = YES_AGGRESSIVE;
				GCC_WARN_UNUSED_FUNCTION = YES;
				GCC_WARN_UNUSED_VARIABLE = YES;
				IPHONEOS_DEPLOYMENT_TARGET = 8.1;
				MTL_ENABLE_DEBUG_INFO = NO;
				SDKROOT = iphoneos;
				TARGETED_DEVICE_FAMILY = "1,2";
				VALIDATE_PRODUCT = YES;
			};
			name = Release;
		};
		03CB60091A674EAD0060D238 /* Debug */ = {
			isa = XCBuildConfiguration;
			buildSettings = {
				ASSETCATALOG_COMPILER_APPICON_NAME = AppIcon;
				INFOPLIST_FILE = Postcard/Info.plist;
				LD_RUNPATH_SEARCH_PATHS = "$(inherited) @executable_path/Frameworks";
				PRODUCT_NAME = "$(TARGET_NAME)";
			};
			name = Debug;
		};
		03CB600A1A674EAD0060D238 /* Release */ = {
			isa = XCBuildConfiguration;
			buildSettings = {
				ASSETCATALOG_COMPILER_APPICON_NAME = AppIcon;
				INFOPLIST_FILE = Postcard/Info.plist;
				LD_RUNPATH_SEARCH_PATHS = "$(inherited) @executable_path/Frameworks";
				PRODUCT_NAME = "$(TARGET_NAME)";
			};
			name = Release;
		};
		03CB600C1A674EAD0060D238 /* Debug */ = {
			isa = XCBuildConfiguration;
			buildSettings = {
				BUNDLE_LOADER = "$(TEST_HOST)";
				FRAMEWORK_SEARCH_PATHS = (
					"$(SDKROOT)/Developer/Library/Frameworks",
					"$(inherited)",
				);
				GCC_PREPROCESSOR_DEFINITIONS = (
					"DEBUG=1",
					"$(inherited)",
				);
				INFOPLIST_FILE = PostcardTests/Info.plist;
				LD_RUNPATH_SEARCH_PATHS = "$(inherited) @executable_path/Frameworks @loader_path/Frameworks";
				PRODUCT_NAME = "$(TARGET_NAME)";
				TEST_HOST = "$(BUILT_PRODUCTS_DIR)/Postcard.app/Postcard";
			};
			name = Debug;
		};
		03CB600D1A674EAD0060D238 /* Release */ = {
			isa = XCBuildConfiguration;
			buildSettings = {
				BUNDLE_LOADER = "$(TEST_HOST)";
				FRAMEWORK_SEARCH_PATHS = (
					"$(SDKROOT)/Developer/Library/Frameworks",
					"$(inherited)",
				);
				INFOPLIST_FILE = PostcardTests/Info.plist;
				LD_RUNPATH_SEARCH_PATHS = "$(inherited) @executable_path/Frameworks @loader_path/Frameworks";
				PRODUCT_NAME = "$(TARGET_NAME)";
				TEST_HOST = "$(BUILT_PRODUCTS_DIR)/Postcard.app/Postcard";
			};
			name = Release;
		};
/* End XCBuildConfiguration section */

/* Begin XCConfigurationList section */
		03CB5FE41A674EAD0060D238 /* Build configuration list for PBXProject "Postcard" */ = {
			isa = XCConfigurationList;
			buildConfigurations = (
				03CB60061A674EAD0060D238 /* Debug */,
				03CB60071A674EAD0060D238 /* Release */,
			);
			defaultConfigurationIsVisible = 0;
			defaultConfigurationName = Release;
		};
		03CB60081A674EAD0060D238 /* Build configuration list for PBXNativeTarget "Postcard" */ = {
			isa = XCConfigurationList;
			buildConfigurations = (
				03CB60091A674EAD0060D238 /* Debug */,
				03CB600A1A674EAD0060D238 /* Release */,
			);
			defaultConfigurationIsVisible = 0;
		};
		03CB600B1A674EAD0060D238 /* Build configuration list for PBXNativeTarget "PostcardTests" */ = {
			isa = XCConfigurationList;
			buildConfigurations = (
				03CB600C1A674EAD0060D238 /* Debug */,
				03CB600D1A674EAD0060D238 /* Release */,
			);
			defaultConfigurationIsVisible = 0;
		};
/* End XCConfigurationList section */
	};
	rootObject = 03CB5FE11A674EAD0060D238 /* Project object */;
}
